
Microsoft Visual Studio Solution File, Format Version 12.00
# Visual Studio Version 17
VisualStudioVersion = 17.3.32929.385
MinimumVisualStudioVersion = 10.0.40219.1
Project("{FAE04EC0-301F-11D3-BF4B-00C04F79EFBC}") = "ConsoleQ", "ConsoleQ\ConsoleQ.csproj", "{5CFACCA0-93A2-412F-86B5-5F041C244B53}"
EndProject
Global
	GlobalSection(SolutionConfigurationPlatforms) = preSolution
		Debug|Any CPU = Debug|Any CPU
		Release|Any CPU = Release|Any CPU
	EndGlobalSection
	GlobalSection(ProjectConfigurationPlatforms) = postSolution
		{5CFACCA0-93A2-412F-86B5-5F041C244B53}.Debug|Any CPU.ActiveCfg = Debug|Any CPU
		{5CFACCA0-93A2-412F-86B5-5F041C244B53}.Debug|Any CPU.Build.0 = Debug|Any CPU
		{5CFACCA0-93A2-412F-86B5-5F041C244B53}.Release|Any CPU.ActiveCfg = Release|Any CPU
		{5CFACCA0-93A2-412F-86B5-5F041C244B53}.Release|Any CPU.Build.0 = Release|Any CPU
	EndGlobalSection
	GlobalSection(SolutionProperties) = preSolution
		HideSolutionNode = FALSE
	EndGlobalSection
	GlobalSection(ExtensibilityGlobals) = postSolution
		SolutionGuid = {2ACBD346-8C86-46A5-9F3E-376A80892AD7}
	EndGlobalSection
EndGlobal
