
Microsoft Visual Studio Solution File, Format Version 12.00
# Visual Studio Version 17
VisualStudioVersion = 17.2.32526.322
MinimumVisualStudioVersion = 10.0.40219.1
Project("{9A19103F-16F7-4668-BE54-9A1E7A4F7556}") = "Form1", "Form1\Form1.csproj", "{C9E5C946-73EC-4F05-A494-B3BF256B62A3}"
	ProjectSection(ProjectDependencies) = postProject
		{F7A056B7-8E3E-4DBA-9BC8-0B9591329635} = {F7A056B7-8E3E-4DBA-9BC8-0B9591329635}
	EndProjectSection
EndProject
Project("{9A19103F-16F7-4668-BE54-9A1E7A4F7556}") = "Form2", "Form2\Form2.csproj", "{F7A056B7-8E3E-4DBA-9BC8-0B9591329635}"
EndProject
Global
	GlobalSection(SolutionConfigurationPlatforms) = preSolution
		Debug|Any CPU = Debug|Any CPU
		Release|Any CPU = Release|Any CPU
	EndGlobalSection
	GlobalSection(ProjectConfigurationPlatforms) = postSolution
		{C9E5C946-73EC-4F05-A494-B3BF256B62A3}.Debug|Any CPU.ActiveCfg = Debug|Any CPU
		{C9E5C946-73EC-4F05-A494-B3BF256B62A3}.Debug|Any CPU.Build.0 = Debug|Any CPU
		{C9E5C946-73EC-4F05-A494-B3BF256B62A3}.Release|Any CPU.ActiveCfg = Release|Any CPU
		{C9E5C946-73EC-4F05-A494-B3BF256B62A3}.Release|Any CPU.Build.0 = Release|Any CPU
		{F7A056B7-8E3E-4DBA-9BC8-0B9591329635}.Debug|Any CPU.ActiveCfg = Debug|Any CPU
		{F7A056B7-8E3E-4DBA-9BC8-0B9591329635}.Debug|Any CPU.Build.0 = Debug|Any CPU
		{F7A056B7-8E3E-4DBA-9BC8-0B9591329635}.Release|Any CPU.ActiveCfg = Release|Any CPU
		{F7A056B7-8E3E-4DBA-9BC8-0B9591329635}.Release|Any CPU.Build.0 = Release|Any CPU
	EndGlobalSection
	GlobalSection(SolutionProperties) = preSolution
		HideSolutionNode = FALSE
	EndGlobalSection
	GlobalSection(ExtensibilityGlobals) = postSolution
		SolutionGuid = {33175A03-BD73-488A-81B0-093B3DD1D641}
	EndGlobalSection
EndGlobal
