
Microsoft Visual Studio Solution File, Format Version 12.00
# Visual Studio Version 17
VisualStudioVersion = 17.3.32901.215
MinimumVisualStudioVersion = 10.0.40219.1
Project("{FAE04EC0-301F-11D3-BF4B-00C04F79EFBC}") = "ConsoleQ", "ConsoleQ\ConsoleQ.csproj", "{C97DD98D-19C5-4775-B864-1713EB01B11E}"
EndProject
Global
	GlobalSection(SolutionConfigurationPlatforms) = preSolution
		Debug|Any CPU = Debug|Any CPU
		Release|Any CPU = Release|Any CPU
	EndGlobalSection
	GlobalSection(ProjectConfigurationPlatforms) = postSolution
		{C97DD98D-19C5-4775-B864-1713EB01B11E}.Debug|Any CPU.ActiveCfg = Debug|Any CPU
		{C97DD98D-19C5-4775-B864-1713EB01B11E}.Debug|Any CPU.Build.0 = Debug|Any CPU
		{C97DD98D-19C5-4775-B864-1713EB01B11E}.Release|Any CPU.ActiveCfg = Release|Any CPU
		{C97DD98D-19C5-4775-B864-1713EB01B11E}.Release|Any CPU.Build.0 = Release|Any CPU
	EndGlobalSection
	GlobalSection(SolutionProperties) = preSolution
		HideSolutionNode = FALSE
	EndGlobalSection
	GlobalSection(ExtensibilityGlobals) = postSolution
		SolutionGuid = {E6FFEA94-0E86-47D8-A7E0-7F44215E24AD}
	EndGlobalSection
EndGlobal
