
Microsoft Visual Studio Solution File, Format Version 12.00
# Visual Studio Version 17
VisualStudioVersion = 17.2.32602.215
MinimumVisualStudioVersion = 10.0.40219.1
Project("{FAE04EC0-301F-11D3-BF4B-00C04F79EFBC}") = "ConsoleQ", "ConsoleQ\ConsoleQ.csproj", "{1FDD8CC2-AEB8-481B-A2C7-7DBCB3FF391A}"
EndProject
Global
	GlobalSection(SolutionConfigurationPlatforms) = preSolution
		Debug|Any CPU = Debug|Any CPU
		Release|Any CPU = Release|Any CPU
	EndGlobalSection
	GlobalSection(ProjectConfigurationPlatforms) = postSolution
		{1FDD8CC2-AEB8-481B-A2C7-7DBCB3FF391A}.Debug|Any CPU.ActiveCfg = Debug|Any CPU
		{1FDD8CC2-AEB8-481B-A2C7-7DBCB3FF391A}.Debug|Any CPU.Build.0 = Debug|Any CPU
		{1FDD8CC2-AEB8-481B-A2C7-7DBCB3FF391A}.Release|Any CPU.ActiveCfg = Release|Any CPU
		{1FDD8CC2-AEB8-481B-A2C7-7DBCB3FF391A}.Release|Any CPU.Build.0 = Release|Any CPU
	EndGlobalSection
	GlobalSection(SolutionProperties) = preSolution
		HideSolutionNode = FALSE
	EndGlobalSection
	GlobalSection(ExtensibilityGlobals) = postSolution
		SolutionGuid = {F8072136-BDB3-4B77-8564-EBEE37804729}
	EndGlobalSection
EndGlobal
