
Microsoft Visual Studio Solution File, Format Version 12.00
# Visual Studio Version 17
VisualStudioVersion = 17.3.32819.101
MinimumVisualStudioVersion = 10.0.40219.1
Project("{FAE04EC0-301F-11D3-BF4B-00C04F79EFBC}") = "ConsoleQ", "ConsoleQ\ConsoleQ.csproj", "{329DC6C5-E565-4D5E-82FE-3EE0C48BBAA9}"
EndProject
Global
	GlobalSection(SolutionConfigurationPlatforms) = preSolution
		Debug|Any CPU = Debug|Any CPU
		Release|Any CPU = Release|Any CPU
	EndGlobalSection
	GlobalSection(ProjectConfigurationPlatforms) = postSolution
		{329DC6C5-E565-4D5E-82FE-3EE0C48BBAA9}.Debug|Any CPU.ActiveCfg = Debug|Any CPU
		{329DC6C5-E565-4D5E-82FE-3EE0C48BBAA9}.Debug|Any CPU.Build.0 = Debug|Any CPU
		{329DC6C5-E565-4D5E-82FE-3EE0C48BBAA9}.Release|Any CPU.ActiveCfg = Release|Any CPU
		{329DC6C5-E565-4D5E-82FE-3EE0C48BBAA9}.Release|Any CPU.Build.0 = Release|Any CPU
	EndGlobalSection
	GlobalSection(SolutionProperties) = preSolution
		HideSolutionNode = FALSE
	EndGlobalSection
	GlobalSection(ExtensibilityGlobals) = postSolution
		SolutionGuid = {B396CD2A-8D29-457A-B720-1FAA0D83C950}
	EndGlobalSection
EndGlobal
