
Microsoft Visual Studio Solution File, Format Version 12.00
# Visual Studio Version 17
VisualStudioVersion = 17.2.32505.173
MinimumVisualStudioVersion = 10.0.40219.1
Project("{FAE04EC0-301F-11D3-BF4B-00C04F79EFBC}") = "ConsoleQ", "ConsoleQ\ConsoleQ.csproj", "{A48B26B2-8B43-4155-8BA8-8A6D70D047E7}"
EndProject
Project("{FAE04EC0-301F-11D3-BF4B-00C04F79EFBC}") = "Bibliotecas_Ejercicios", "Bibliotecas_Ejercicios\Bibliotecas_Ejercicios.csproj", "{50A6C133-CE77-4D55-B997-A24AF68D24FE}"
EndProject
Global
	GlobalSection(SolutionConfigurationPlatforms) = preSolution
		Debug|Any CPU = Debug|Any CPU
		Release|Any CPU = Release|Any CPU
	EndGlobalSection
	GlobalSection(ProjectConfigurationPlatforms) = postSolution
		{A48B26B2-8B43-4155-8BA8-8A6D70D047E7}.Debug|Any CPU.ActiveCfg = Debug|Any CPU
		{A48B26B2-8B43-4155-8BA8-8A6D70D047E7}.Debug|Any CPU.Build.0 = Debug|Any CPU
		{A48B26B2-8B43-4155-8BA8-8A6D70D047E7}.Release|Any CPU.ActiveCfg = Release|Any CPU
		{A48B26B2-8B43-4155-8BA8-8A6D70D047E7}.Release|Any CPU.Build.0 = Release|Any CPU
		{50A6C133-CE77-4D55-B997-A24AF68D24FE}.Debug|Any CPU.ActiveCfg = Debug|Any CPU
		{50A6C133-CE77-4D55-B997-A24AF68D24FE}.Debug|Any CPU.Build.0 = Debug|Any CPU
		{50A6C133-CE77-4D55-B997-A24AF68D24FE}.Release|Any CPU.ActiveCfg = Release|Any CPU
		{50A6C133-CE77-4D55-B997-A24AF68D24FE}.Release|Any CPU.Build.0 = Release|Any CPU
	EndGlobalSection
	GlobalSection(SolutionProperties) = preSolution
		HideSolutionNode = FALSE
	EndGlobalSection
	GlobalSection(ExtensibilityGlobals) = postSolution
		SolutionGuid = {48039A68-502E-4F9B-AF21-BA6D44EFECAC}
	EndGlobalSection
EndGlobal
