
Microsoft Visual Studio Solution File, Format Version 12.00
# Visual Studio Version 17
VisualStudioVersion = 17.3.32901.215
MinimumVisualStudioVersion = 10.0.40219.1
Project("{9A19103F-16F7-4668-BE54-9A1E7A4F7556}") = "ConsoleQ", "ConsoleQ\ConsoleQ.csproj", "{7D11C497-F25E-479C-A661-142B661CED3B}"
EndProject
Project("{FAE04EC0-301F-11D3-BF4B-00C04F79EFBC}") = "FormL", "FormL\FormL.csproj", "{0AD988C4-FBC4-4F4B-A544-E66F1E862021}"
EndProject
Global
	GlobalSection(SolutionConfigurationPlatforms) = preSolution
		Debug|Any CPU = Debug|Any CPU
		Release|Any CPU = Release|Any CPU
	EndGlobalSection
	GlobalSection(ProjectConfigurationPlatforms) = postSolution
		{7D11C497-F25E-479C-A661-142B661CED3B}.Debug|Any CPU.ActiveCfg = Debug|Any CPU
		{7D11C497-F25E-479C-A661-142B661CED3B}.Debug|Any CPU.Build.0 = Debug|Any CPU
		{7D11C497-F25E-479C-A661-142B661CED3B}.Release|Any CPU.ActiveCfg = Release|Any CPU
		{7D11C497-F25E-479C-A661-142B661CED3B}.Release|Any CPU.Build.0 = Release|Any CPU
		{0AD988C4-FBC4-4F4B-A544-E66F1E862021}.Debug|Any CPU.ActiveCfg = Debug|Any CPU
		{0AD988C4-FBC4-4F4B-A544-E66F1E862021}.Debug|Any CPU.Build.0 = Debug|Any CPU
		{0AD988C4-FBC4-4F4B-A544-E66F1E862021}.Release|Any CPU.ActiveCfg = Release|Any CPU
		{0AD988C4-FBC4-4F4B-A544-E66F1E862021}.Release|Any CPU.Build.0 = Release|Any CPU
	EndGlobalSection
	GlobalSection(SolutionProperties) = preSolution
		HideSolutionNode = FALSE
	EndGlobalSection
	GlobalSection(ExtensibilityGlobals) = postSolution
		SolutionGuid = {3CFCE1F2-5C79-4A90-863C-5FF8F096843C}
	EndGlobalSection
EndGlobal
